// !$*UTF8*$!
{
	archiveVersion = 1;
	classes = {
	};
	objectVersion = 56;
	objects = {

/* Begin PBXBuildFile section */
		6CA473502B6EF63500471CD2 /* AppDelegate.swift in Sources */ = {isa = PBXBuildFile; fileRef = 6CA4734F2B6EF63500471CD2 /* AppDelegate.swift */; };
		6CA473522B6EF63500471CD2 /* SceneDelegate.swift in Sources */ = {isa = PBXBuildFile; fileRef = 6CA473512B6EF63500471CD2 /* SceneDelegate.swift */; };
		6CA473572B6EF63500471CD2 /* Main.storyboard in Resources */ = {isa = PBXBuildFile; fileRef = 6CA473552B6EF63500471CD2 /* Main.storyboard */; };
		6CA4735A2B6EF63500471CD2 /* ContactListApp.xcdatamodeld in Sources */ = {isa = PBXBuildFile; fileRef = 6CA473582B6EF63500471CD2 /* ContactListApp.xcdatamodeld */; };
		6CA4735C2B6EF63600471CD2 /* Assets.xcassets in Resources */ = {isa = PBXBuildFile; fileRef = 6CA4735B2B6EF63600471CD2 /* Assets.xcassets */; };
		6CA4735F2B6EF63600471CD2 /* LaunchScreen.storyboard in Resources */ = {isa = PBXBuildFile; fileRef = 6CA4735D2B6EF63600471CD2 /* LaunchScreen.storyboard */; };
		6CA473672B6F06F900471CD2 /* ContactListViewController.swift in Sources */ = {isa = PBXBuildFile; fileRef = 6CA473662B6F06F900471CD2 /* ContactListViewController.swift */; };
		6CA473692B6F078E00471CD2 /* HeaderTableViewCell.swift in Sources */ = {isa = PBXBuildFile; fileRef = 6CA473682B6F078E00471CD2 /* HeaderTableViewCell.swift */; };
		6CA4736D2B6F09B900471CD2 /* DataStore.swift in Sources */ = {isa = PBXBuildFile; fileRef = 6CA4736C2B6F09B900471CD2 /* DataStore.swift */; };
		6CA4736F2B6F0A5200471CD2 /* Person.swift in Sources */ = {isa = PBXBuildFile; fileRef = 6CA4736E2B6F0A5200471CD2 /* Person.swift */; };
/* End PBXBuildFile section */

/* Begin PBXFileReference section */
		6CA4734C2B6EF63500471CD2 /* ContactListApp.app */ = {isa = PBXFileReference; explicitFileType = wrapper.application; includeInIndex = 0; path = ContactListApp.app; sourceTree = BUILT_PRODUCTS_DIR; };
		6CA4734F2B6EF63500471CD2 /* AppDelegate.swift */ = {isa = PBXFileReference; lastKnownFileType = sourcecode.swift; path = AppDelegate.swift; sourceTree = "<group>"; };
		6CA473512B6EF63500471CD2 /* SceneDelegate.swift */ = {isa = PBXFileReference; lastKnownFileType = sourcecode.swift; path = SceneDelegate.swift; sourceTree = "<group>"; };
		6CA473562B6EF63500471CD2 /* Base */ = {isa = PBXFileReference; lastKnownFileType = file.storyboard; name = Base; path = Base.lproj/Main.storyboard; sourceTree = "<group>"; };
		6CA473592B6EF63500471CD2 /* ContactListApp.xcdatamodel */ = {isa = PBXFileReference; lastKnownFileType = wrapper.xcdatamodel; path = ContactListApp.xcdatamodel; sourceTree = "<group>"; };
		6CA4735B2B6EF63600471CD2 /* Assets.xcassets */ = {isa = PBXFileReference; lastKnownFileType = folder.assetcatalog; path = Assets.xcassets; sourceTree = "<group>"; };
		6CA4735E2B6EF63600471CD2 /* Base */ = {isa = PBXFileReference; lastKnownFileType = file.storyboard; name = Base; path = Base.lproj/LaunchScreen.storyboard; sourceTree = "<group>"; };
		6CA473602B6EF63600471CD2 /* Info.plist */ = {isa = PBXFileReference; lastKnownFileType = text.plist.xml; path = Info.plist; sourceTree = "<group>"; };
		6CA473662B6F06F900471CD2 /* ContactListViewController.swift */ = {isa = PBXFileReference; lastKnownFileType = sourcecode.swift; path = ContactListViewController.swift; sourceTree = "<group>"; };
		6CA473682B6F078E00471CD2 /* HeaderTableViewCell.swift */ = {isa = PBXFileReference; lastKnownFileType = sourcecode.swift; path = HeaderTableViewCell.swift; sourceTree = "<group>"; };
		6CA4736C2B6F09B900471CD2 /* DataStore.swift */ = {isa = PBXFileReference; lastKnownFileType = sourcecode.swift; path = DataStore.swift; sourceTree = "<group>"; };
		6CA4736E2B6F0A5200471CD2 /* Person.swift */ = {isa = PBXFileReference; lastKnownFileType = sourcecode.swift; path = Person.swift; sourceTree = "<group>"; };
/* End PBXFileReference section */

/* Begin PBXFrameworksBuildPhase section */
		6CA473492B6EF63500471CD2 /* Frameworks */ = {
			isa = PBXFrameworksBuildPhase;
			buildActionMask = 2147483647;
			files = (
			);
			runOnlyForDeploymentPostprocessing = 0;
		};
/* End PBXFrameworksBuildPhase section */

/* Begin PBXGroup section */
		6CA473432B6EF63500471CD2 = {
			isa = PBXGroup;
			children = (
				6CA4734E2B6EF63500471CD2 /* ContactListApp */,
				6CA4734D2B6EF63500471CD2 /* Products */,
			);
			sourceTree = "<group>";
		};
		6CA4734D2B6EF63500471CD2 /* Products */ = {
			isa = PBXGroup;
			children = (
				6CA4734C2B6EF63500471CD2 /* ContactListApp.app */,
			);
			name = Products;
			sourceTree = "<group>";
		};
		6CA4734E2B6EF63500471CD2 /* ContactListApp */ = {
			isa = PBXGroup;
			children = (
				6CA4734F2B6EF63500471CD2 /* AppDelegate.swift */,
				6CA473512B6EF63500471CD2 /* SceneDelegate.swift */,
				6CA473742B6F0DDB00471CD2 /* StoryBoards */,
				6CA473712B6F0D8B00471CD2 /* ViewControllers */,
				6CA473732B6F0DB100471CD2 /* Servies */,
				6CA473722B6F0DA000471CD2 /* Models */,
				6CA473702B6F0D6100471CD2 /* Views */,
				6CA473752B6F0DFF00471CD2 /* Resources */,
				6CA473762B6F0E1100471CD2 /* App */,
			);
			path = ContactListApp;
			sourceTree = "<group>";
		};
		6CA473702B6F0D6100471CD2 /* Views */ = {
			isa = PBXGroup;
			children = (
				6CA473682B6F078E00471CD2 /* HeaderTableViewCell.swift */,
			);
			path = Views;
			sourceTree = "<group>";
		};
		6CA473712B6F0D8B00471CD2 /* ViewControllers */ = {
			isa = PBXGroup;
			children = (
				6CA473662B6F06F900471CD2 /* ContactListViewController.swift */,
			);
			path = ViewControllers;
			sourceTree = "<group>";
		};
		6CA473722B6F0DA000471CD2 /* Models */ = {
			isa = PBXGroup;
			children = (
				6CA4736E2B6F0A5200471CD2 /* Person.swift */,
			);
			path = Models;
			sourceTree = "<group>";
		};
		6CA473732B6F0DB100471CD2 /* Servies */ = {
			isa = PBXGroup;
			children = (
				6CA4736C2B6F09B900471CD2 /* DataStore.swift */,
			);
			path = Servies;
			sourceTree = "<group>";
		};
		6CA473742B6F0DDB00471CD2 /* StoryBoards */ = {
			isa = PBXGroup;
			children = (
				6CA473552B6EF63500471CD2 /* Main.storyboard */,
				6CA4735D2B6EF63600471CD2 /* LaunchScreen.storyboard */,
			);
			path = StoryBoards;
			sourceTree = "<group>";
		};
		6CA473752B6F0DFF00471CD2 /* Resources */ = {
			isa = PBXGroup;
			children = (
				6CA4735B2B6EF63600471CD2 /* Assets.xcassets */,
			);
			path = Resources;
			sourceTree = "<group>";
		};
		6CA473762B6F0E1100471CD2 /* App */ = {
			isa = PBXGroup;
			children = (
				6CA473602B6EF63600471CD2 /* Info.plist */,
				6CA473582B6EF63500471CD2 /* ContactListApp.xcdatamodeld */,
			);
			path = App;
			sourceTree = "<group>";
		};
/* End PBXGroup section */

/* Begin PBXNativeTarget section */
		6CA4734B2B6EF63500471CD2 /* ContactListApp */ = {
			isa = PBXNativeTarget;
			buildConfigurationList = 6CA473632B6EF63600471CD2 /* Build configuration list for PBXNativeTarget "ContactListApp" */;
			buildPhases = (
				6CA473482B6EF63500471CD2 /* Sources */,
				6CA473492B6EF63500471CD2 /* Frameworks */,
				6CA4734A2B6EF63500471CD2 /* Resources */,
			);
			buildRules = (
			);
			dependencies = (
			);
			name = ContactListApp;
			productName = ContactListApp;
			productReference = 6CA4734C2B6EF63500471CD2 /* ContactListApp.app */;
			productType = "com.apple.product-type.application";
		};
/* End PBXNativeTarget section */

/* Begin PBXProject section */
		6CA473442B6EF63500471CD2 /* Project object */ = {
			isa = PBXProject;
			attributes = {
				BuildIndependentTargetsInParallel = 1;
				LastSwiftUpdateCheck = 1430;
				LastUpgradeCheck = 1430;
				TargetAttributes = {
					6CA4734B2B6EF63500471CD2 = {
						CreatedOnToolsVersion = 14.3;
					};
				};
			};
			buildConfigurationList = 6CA473472B6EF63500471CD2 /* Build configuration list for PBXProject "ContactListApp" */;
			compatibilityVersion = "Xcode 14.0";
			developmentRegion = en;
			hasScannedForEncodings = 0;
			knownRegions = (
				en,
				Base,
			);
			mainGroup = 6CA473432B6EF63500471CD2;
			productRefGroup = 6CA4734D2B6EF63500471CD2 /* Products */;
			projectDirPath = "";
			projectRoot = "";
			targets = (
				6CA4734B2B6EF63500471CD2 /* ContactListApp */,
			);
		};
/* End PBXProject section */

/* Begin PBXResourcesBuildPhase section */
		6CA4734A2B6EF63500471CD2 /* Resources */ = {
			isa = PBXResourcesBuildPhase;
			buildActionMask = 2147483647;
			files = (
				6CA4735F2B6EF63600471CD2 /* LaunchScreen.storyboard in Resources */,
				6CA4735C2B6EF63600471CD2 /* Assets.xcassets in Resources */,
				6CA473572B6EF63500471CD2 /* Main.storyboard in Resources */,
			);
			runOnlyForDeploymentPostprocessing = 0;
		};
/* End PBXResourcesBuildPhase section */

/* Begin PBXSourcesBuildPhase section */
		6CA473482B6EF63500471CD2 /* Sources */ = {
			isa = PBXSourcesBuildPhase;
			buildActionMask = 2147483647;
			files = (
				6CA4735A2B6EF63500471CD2 /* ContactListApp.xcdatamodeld in Sources */,
				6CA4736D2B6F09B900471CD2 /* DataStore.swift in Sources */,
				6CA473692B6F078E00471CD2 /* HeaderTableViewCell.swift in Sources */,
				6CA473672B6F06F900471CD2 /* ContactListViewController.swift in Sources */,
				6CA4736F2B6F0A5200471CD2 /* Person.swift in Sources */,
				6CA473502B6EF63500471CD2 /* AppDelegate.swift in Sources */,
				6CA473522B6EF63500471CD2 /* SceneDelegate.swift in Sources */,
			);
			runOnlyForDeploymentPostprocessing = 0;
		};
/* End PBXSourcesBuildPhase section */

/* Begin PBXVariantGroup section */
		6CA473552B6EF63500471CD2 /* Main.storyboard */ = {
			isa = PBXVariantGroup;
			children = (
				6CA473562B6EF63500471CD2 /* Base */,
			);
			name = Main.storyboard;
			sourceTree = "<group>";
		};
		6CA4735D2B6EF63600471CD2 /* LaunchScreen.storyboard */ = {
			isa = PBXVariantGroup;
			children = (
				6CA4735E2B6EF63600471CD2 /* Base */,
			);
			name = LaunchScreen.storyboard;
			sourceTree = "<group>";
		};
/* End PBXVariantGroup section */

/* Begin XCBuildConfiguration section */
		6CA473612B6EF63600471CD2 /* Debug */ = {
			isa = XCBuildConfiguration;
			buildSettings = {
				ALWAYS_SEARCH_USER_PATHS = NO;
				CLANG_ANALYZER_NONNULL = YES;
				CLANG_ANALYZER_NUMBER_OBJECT_CONVERSION = YES_AGGRESSIVE;
				CLANG_CXX_LANGUAGE_STANDARD = "gnu++20";
				CLANG_ENABLE_MODULES = YES;
				CLANG_ENABLE_OBJC_ARC = YES;
				CLANG_ENABLE_OBJC_WEAK = YES;
				CLANG_WARN_BLOCK_CAPTURE_AUTORELEASING = YES;
				CLANG_WARN_BOOL_CONVERSION = YES;
				CLANG_WARN_COMMA = YES;
				CLANG_WARN_CONSTANT_CONVERSION = YES;
				CLANG_WARN_DEPRECATED_OBJC_IMPLEMENTATIONS = YES;
				CLANG_WARN_DIRECT_OBJC_ISA_USAGE = YES_ERROR;
				CLANG_WARN_DOCUMENTATION_COMMENTS = YES;
				CLANG_WARN_EMPTY_BODY = YES;
				CLANG_WARN_ENUM_CONVERSION = YES;
				CLANG_WARN_INFINITE_RECURSION = YES;
				CLANG_WARN_INT_CONVERSION = YES;
				CLANG_WARN_NON_LITERAL_NULL_CONVERSION = YES;
				CLANG_WARN_OBJC_IMPLICIT_RETAIN_SELF = YES;
				CLANG_WARN_OBJC_LITERAL_CONVERSION = YES;
				CLANG_WARN_OBJC_ROOT_CLASS = YES_ERROR;
				CLANG_WARN_QUOTED_INCLUDE_IN_FRAMEWORK_HEADER = YES;
				CLANG_WARN_RANGE_LOOP_ANALYSIS = YES;
				CLANG_WARN_STRICT_PROTOTYPES = YES;
				CLANG_WARN_SUSPICIOUS_MOVE = YES;
				CLANG_WARN_UNGUARDED_AVAILABILITY = YES_AGGRESSIVE;
				CLANG_WARN_UNREACHABLE_CODE = YES;
				CLANG_WARN__DUPLICATE_METHOD_MATCH = YES;
				COPY_PHASE_STRIP = NO;
				DEBUG_INFORMATION_FORMAT = dwarf;
				ENABLE_STRICT_OBJC_MSGSEND = YES;
				ENABLE_TESTABILITY = YES;
				GCC_C_LANGUAGE_STANDARD = gnu11;
				GCC_DYNAMIC_NO_PIC = NO;
				GCC_NO_COMMON_BLOCKS = YES;
				GCC_OPTIMIZATION_LEVEL = 0;
				GCC_PREPROCESSOR_DEFINITIONS = (
					"DEBUG=1",
					"$(inherited)",
				);
				GCC_WARN_64_TO_32_BIT_CONVERSION = YES;
				GCC_WARN_ABOUT_RETURN_TYPE = YES_ERROR;
				GCC_WARN_UNDECLARED_SELECTOR = YES;
				GCC_WARN_UNINITIALIZED_AUTOS = YES_AGGRESSIVE;
				GCC_WARN_UNUSED_FUNCTION = YES;
				GCC_WARN_UNUSED_VARIABLE = YES;
				IPHONEOS_DEPLOYMENT_TARGET = 16.4;
				MTL_ENABLE_DEBUG_INFO = INCLUDE_SOURCE;
				MTL_FAST_MATH = YES;
				ONLY_ACTIVE_ARCH = YES;
				SDKROOT = iphoneos;
				SWIFT_ACTIVE_COMPILATION_CONDITIONS = DEBUG;
				SWIFT_OPTIMIZATION_LEVEL = "-Onone";
			};
			name = Debug;
		};
		6CA473622B6EF63600471CD2 /* Release */ = {
			isa = XCBuildConfiguration;
			buildSettings = {
				ALWAYS_SEARCH_USER_PATHS = NO;
				CLANG_ANALYZER_NONNULL = YES;
				CLANG_ANALYZER_NUMBER_OBJECT_CONVERSION = YES_AGGRESSIVE;
				CLANG_CXX_LANGUAGE_STANDARD = "gnu++20";
				CLANG_ENABLE_MODULES = YES;
				CLANG_ENABLE_OBJC_ARC = YES;
				CLANG_ENABLE_OBJC_WEAK = YES;
				CLANG_WARN_BLOCK_CAPTURE_AUTORELEASING = YES;
				CLANG_WARN_BOOL_CONVERSION = YES;
				CLANG_WARN_COMMA = YES;
				CLANG_WARN_CONSTANT_CONVERSION = YES;
				CLANG_WARN_DEPRECATED_OBJC_IMPLEMENTATIONS = YES;
				CLANG_WARN_DIRECT_OBJC_ISA_USAGE = YES_ERROR;
				CLANG_WARN_DOCUMENTATION_COMMENTS = YES;
				CLANG_WARN_EMPTY_BODY = YES;
				CLANG_WARN_ENUM_CONVERSION = YES;
				CLANG_WARN_INFINITE_RECURSION = YES;
				CLANG_WARN_INT_CONVERSION = YES;
				CLANG_WARN_NON_LITERAL_NULL_CONVERSION = YES;
				CLANG_WARN_OBJC_IMPLICIT_RETAIN_SELF = YES;
				CLANG_WARN_OBJC_LITERAL_CONVERSION = YES;
				CLANG_WARN_OBJC_ROOT_CLASS = YES_ERROR;
				CLANG_WARN_QUOTED_INCLUDE_IN_FRAMEWORK_HEADER = YES;
				CLANG_WARN_RANGE_LOOP_ANALYSIS = YES;
				CLANG_WARN_STRICT_PROTOTYPES = YES;
				CLANG_WARN_SUSPICIOUS_MOVE = YES;
				CLANG_WARN_UNGUARDED_AVAILABILITY = YES_AGGRESSIVE;
				CLANG_WARN_UNREACHABLE_CODE = YES;
				CLANG_WARN__DUPLICATE_METHOD_MATCH = YES;
				COPY_PHASE_STRIP = NO;
				DEBUG_INFORMATION_FORMAT = "dwarf-with-dsym";
				ENABLE_NS_ASSERTIONS = NO;
				ENABLE_STRICT_OBJC_MSGSEND = YES;
				GCC_C_LANGUAGE_STANDARD = gnu11;
				GCC_NO_COMMON_BLOCKS = YES;
				GCC_WARN_64_TO_32_BIT_CONVERSION = YES;
				GCC_WARN_ABOUT_RETURN_TYPE = YES_ERROR;
				GCC_WARN_UNDECLARED_SELECTOR = YES;
				GCC_WARN_UNINITIALIZED_AUTOS = YES_AGGRESSIVE;
				GCC_WARN_UNUSED_FUNCTION = YES;
				GCC_WARN_UNUSED_VARIABLE = YES;
				IPHONEOS_DEPLOYMENT_TARGET = 16.4;
				MTL_ENABLE_DEBUG_INFO = NO;
				MTL_FAST_MATH = YES;
				SDKROOT = iphoneos;
				SWIFT_COMPILATION_MODE = wholemodule;
				SWIFT_OPTIMIZATION_LEVEL = "-O";
				VALIDATE_PRODUCT = YES;
			};
			name = Release;
		};
		6CA473642B6EF63600471CD2 /* Debug */ = {
			isa = XCBuildConfiguration;
			buildSettings = {
				ASSETCATALOG_COMPILER_APPICON_NAME = AppIcon;
				ASSETCATALOG_COMPILER_GLOBAL_ACCENT_COLOR_NAME = AccentColor;
				CODE_SIGN_STYLE = Automatic;
				CURRENT_PROJECT_VERSION = 1;
				GENERATE_INFOPLIST_FILE = YES;
				INFOPLIST_FILE = ContactListApp/App/Info.plist;
				INFOPLIST_KEY_UIApplicationSupportsIndirectInputEvents = YES;
				INFOPLIST_KEY_UILaunchStoryboardName = LaunchScreen;
				INFOPLIST_KEY_UIMainStoryboardFile = Main;
				INFOPLIST_KEY_UISupportedInterfaceOrientations_iPad = "UIInterfaceOrientationPortrait UIInterfaceOrientationPortraitUpsideDown UIInterfaceOrientationLandscapeLeft UIInterfaceOrientationLandscapeRight";
				INFOPLIST_KEY_UISupportedInterfaceOrientations_iPhone = "UIInterfaceOrientationPortrait UIInterfaceOrientationLandscapeLeft UIInterfaceOrientationLandscapeRight";
				LD_RUNPATH_SEARCH_PATHS = (
					"$(inherited)",
					"@executable_path/Frameworks",
				);
				MARKETING_VERSION = 1.0;
				PRODUCT_BUNDLE_IDENTIFIER = LiaisanPerfilova.ContactListApp;
				PRODUCT_NAME = "$(TARGET_NAME)";
				SUPPORTED_PLATFORMS = "iphoneos iphonesimulator";
				SUPPORTS_MACCATALYST = NO;
				SUPPORTS_MAC_DESIGNED_FOR_IPHONE_IPAD = NO;
				SWIFT_EMIT_LOC_STRINGS = YES;
				SWIFT_VERSION = 5.0;
				TARGETED_DEVICE_FAMILY = 1;
			};
			name = Debug;
		};
		6CA473652B6EF63600471CD2 /* Release */ = {
			isa = XCBuildConfiguration;
			buildSettings = {
				ASSETCATALOG_COMPILER_APPICON_NAME = AppIcon;
				ASSETCATALOG_COMPILER_GLOBAL_ACCENT_COLOR_NAME = AccentColor;
				CODE_SIGN_STYLE = Automatic;
				CURRENT_PROJECT_VERSION = 1;
				GENERATE_INFOPLIST_FILE = YES;
				INFOPLIST_FILE = ContactListApp/App/Info.plist;
				INFOPLIST_KEY_UIApplicationSupportsIndirectInputEvents = YES;
				INFOPLIST_KEY_UILaunchStoryboardName = LaunchScreen;
				INFOPLIST_KEY_UIMainStoryboardFile = Main;
				INFOPLIST_KEY_UISupportedInterfaceOrientations_iPad = "UIInterfaceOrientationPortrait UIInterfaceOrientationPortraitUpsideDown UIInterfaceOrientationLandscapeLeft UIInterfaceOrientationLandscapeRight";
				INFOPLIST_KEY_UISupportedInterfaceOrientations_iPhone = "UIInterfaceOrientationPortrait UIInterfaceOrientationLandscapeLeft UIInterfaceOrientationLandscapeRight";
				LD_RUNPATH_SEARCH_PATHS = (
					"$(inherited)",
					"@executable_path/Frameworks",
				);
				MARKETING_VERSION = 1.0;
				PRODUCT_BUNDLE_IDENTIFIER = LiaisanPerfilova.ContactListApp;
				PRODUCT_NAME = "$(TARGET_NAME)";
				SUPPORTED_PLATFORMS = "iphoneos iphonesimulator";
				SUPPORTS_MACCATALYST = NO;
				SUPPORTS_MAC_DESIGNED_FOR_IPHONE_IPAD = NO;
				SWIFT_EMIT_LOC_STRINGS = YES;
				SWIFT_VERSION = 5.0;
				TARGETED_DEVICE_FAMILY = 1;
			};
			name = Release;
		};
/* End XCBuildConfiguration section */

/* Begin XCConfigurationList section */
		6CA473472B6EF63500471CD2 /* Build configuration list for PBXProject "ContactListApp" */ = {
			isa = XCConfigurationList;
			buildConfigurations = (
				6CA473612B6EF63600471CD2 /* Debug */,
				6CA473622B6EF63600471CD2 /* Release */,
			);
			defaultConfigurationIsVisible = 0;
			defaultConfigurationName = Release;
		};
		6CA473632B6EF63600471CD2 /* Build configuration list for PBXNativeTarget "ContactListApp" */ = {
			isa = XCConfigurationList;
			buildConfigurations = (
				6CA473642B6EF63600471CD2 /* Debug */,
				6CA473652B6EF63600471CD2 /* Release */,
			);
			defaultConfigurationIsVisible = 0;
			defaultConfigurationName = Release;
		};
/* End XCConfigurationList section */

/* Begin XCVersionGroup section */
		6CA473582B6EF63500471CD2 /* ContactListApp.xcdatamodeld */ = {
			isa = XCVersionGroup;
			children = (
				6CA473592B6EF63500471CD2 /* ContactListApp.xcdatamodel */,
			);
			currentVersion = 6CA473592B6EF63500471CD2 /* ContactListApp.xcdatamodel */;
			path = ContactListApp.xcdatamodeld;
			sourceTree = "<group>";
			versionGroupType = wrapper.xcdatamodel;
		};
/* End XCVersionGroup section */
	};
	rootObject = 6CA473442B6EF63500471CD2 /* Project object */;
}
